{
    "version": 3,
    "terraform_version": "0.11.13",
    "serial": 2,
    "lineage": "201673b1-b07a-e600-988d-7627d6d46935",
    "modules": [
        {
            "path": [
                "root"
            ],
            "outputs": {},
            "resources": {
                "aws_instance.jenkins_master": {
                    "type": "aws_instance",
                    "depends_on": [
                        "data.aws_ami.jenkins-master"
                    ],
                    "primary": {
                        "id": "i-098d045085002ce3e",
                        "attributes": {
                            "ami": "ami-0cde63d4368d63d09",
                            "arn": "arn:aws:ec2:us-east-1:071490662899:instance/i-098d045085002ce3e",
                            "associate_public_ip_address": "true",
                            "availability_zone": "us-east-1f",
                            "cpu_core_count": "2",
                            "cpu_threads_per_core": "1",
                            "credit_specification.#": "1",
                            "credit_specification.0.cpu_credits": "standard",
                            "disable_api_termination": "false",
                            "ebs_block_device.#": "0",
                            "ebs_optimized": "false",
                            "ephemeral_block_device.#": "0",
                            "get_password_data": "false",
                            "hibernation": "false",
                            "iam_instance_profile": "",
                            "id": "i-098d045085002ce3e",
                            "instance_state": "running",
                            "instance_type": "t2.medium",
                            "ipv6_address_count": "0",
                            "ipv6_addresses.#": "0",
                            "key_name": "jenkins",
                            "metadata_options.#": "1",
                            "metadata_options.0.http_endpoint": "enabled",
                            "metadata_options.0.http_put_response_hop_limit": "1",
                            "metadata_options.0.http_tokens": "optional",
                            "monitoring": "false",
                            "network_interface.#": "0",
                            "outpost_arn": "",
                            "password_data": "",
                            "placement_group": "",
                            "primary_network_interface_id": "eni-0eb183eccda1fab44",
                            "private_dns": "ip-172-31-73-204.ec2.internal",
                            "private_ip": "172.31.73.204",
                            "public_dns": "ec2-3-236-244-231.compute-1.amazonaws.com",
                            "public_ip": "3.236.244.231",
                            "root_block_device.#": "1",
                            "root_block_device.0.delete_on_termination": "false",
                            "root_block_device.0.device_name": "/dev/xvda",
                            "root_block_device.0.encrypted": "false",
                            "root_block_device.0.iops": "100",
                            "root_block_device.0.kms_key_id": "",
                            "root_block_device.0.volume_id": "vol-02846d98593bf511d",
                            "root_block_device.0.volume_size": "30",
                            "root_block_device.0.volume_type": "gp2",
                            "security_groups.#": "1",
                            "security_groups.3814588639": "default",
                            "source_dest_check": "true",
                            "subnet_id": "subnet-9202829c",
                            "tags.%": "1",
                            "tags.Name": "jenkins_master",
                            "tenancy": "default",
                            "volume_tags.%": "0",
                            "vpc_security_group_ids.#": "1",
                            "vpc_security_group_ids.1997389866": "sg-997512bc"
                        },
                        "meta": {
                            "e2bfb730-ecaa-11e6-8f88-34363bc7c4c0": {
                                "create": 600000000000,
                                "delete": 1200000000000,
                                "update": 600000000000
                            },
                            "schema_version": "1"
                        },
                        "tainted": false
                    },
                    "deposed": [],
                    "provider": "provider.aws"
                },
                "data.aws_ami.jenkins-master": {
                    "type": "aws_ami",
                    "depends_on": [],
                    "primary": {
                        "id": "ami-0cde63d4368d63d09",
                        "attributes": {
                            "architecture": "x86_64",
                            "arn": "arn:aws:ec2:us-east-1::image/ami-0cde63d4368d63d09",
                            "block_device_mappings.#": "1",
                            "block_device_mappings.340275815.device_name": "/dev/xvda",
                            "block_device_mappings.340275815.ebs.%": "6",
                            "block_device_mappings.340275815.ebs.delete_on_termination": "true",
                            "block_device_mappings.340275815.ebs.encrypted": "false",
                            "block_device_mappings.340275815.ebs.iops": "0",
                            "block_device_mappings.340275815.ebs.snapshot_id": "snap-083f4d28ab80394b8",
                            "block_device_mappings.340275815.ebs.volume_size": "8",
                            "block_device_mappings.340275815.ebs.volume_type": "gp2",
                            "block_device_mappings.340275815.no_device": "",
                            "block_device_mappings.340275815.virtual_name": "",
                            "creation_date": "2020-07-15T19:09:13.000Z",
                            "description": "Amazon Linux Image with Jenkins Server",
                            "filter.#": "1",
                            "filter.1878167715.name": "name",
                            "filter.1878167715.values.#": "1",
                            "filter.1878167715.values.0": "jenkins-image-ranjan",
                            "hypervisor": "xen",
                            "id": "ami-0cde63d4368d63d09",
                            "image_id": "ami-0cde63d4368d63d09",
                            "image_location": "071490662899/jenkins-image-ranjan",
                            "image_type": "machine",
                            "most_recent": "true",
                            "name": "jenkins-image-ranjan",
                            "name_regex": "jenkins-image-ranjan",
                            "owner_id": "071490662899",
                            "owners.#": "1",
                            "owners.0": "self",
                            "product_codes.#": "0",
                            "public": "false",
                            "root_device_name": "/dev/xvda",
                            "root_device_type": "ebs",
                            "root_snapshot_id": "snap-083f4d28ab80394b8",
                            "sriov_net_support": "simple",
                            "state": "available",
                            "state_reason.%": "2",
                            "state_reason.code": "UNSET",
                            "state_reason.message": "UNSET",
                            "tags.%": "2",
                            "tags.Name": "ranjan",
                            "tags.Node-Type": "Jenkins-Master",
                            "virtualization_type": "hvm"
                        },
                        "meta": {},
                        "tainted": false
                    },
                    "deposed": [],
                    "provider": "provider.aws"
                }
            },
            "depends_on": []
        }
    ]
}
